<?xml version="1.0" encoding="utf-8"?>
<Project ToolsVersion="4.0" xmlns="http://schemas.microsoft.com/developer/msbuild/2003">
  <ItemGroup>
    <Filter Include="JavaScriptCore">
      <UniqueIdentifier>{545B2B54-2E05-D685-49DA-280D6D6A90D1}</UniqueIdentifier>
    </Filter>
    <Filter Include="JavaScriptCore\API">
      <UniqueIdentifier>{C6CD026A-3D64-16BA-D7D2-7F3951B0911D}</UniqueIdentifier>
    </Filter>
    <Filter Include="JavaScriptCore\API\tests">
      <UniqueIdentifier>{E10132C9-4E08-2061-1692-8B45CAAF0C40}</UniqueIdentifier>
    </Filter>
    <Filter Include="JavaScriptCore\assembler">
      <UniqueIdentifier>{6BA27839-CE90-67D9-17E9-9E9EDB942732}</UniqueIdentifier>
    </Filter>
    <Filter Include="JavaScriptCore\bytecode">
      <UniqueIdentifier>{77495D82-C433-4C11-202E-BF110A14D851}</UniqueIdentifier>
    </Filter>
    <Filter Include="JavaScriptCore\bytecompiler">
      <UniqueIdentifier>{E23A357A-2CC0-CF9F-1B4A-8FAF59B7A20C}</UniqueIdentifier>
    </Filter>
    <Filter Include="JavaScriptCore\debugger">
      <UniqueIdentifier>{20EDBE0B-09D3-288B-8A84-C81B9A02D04E}</UniqueIdentifier>
    </Filter>
    <Filter Include="JavaScriptCore\dfg">
      <UniqueIdentifier>{4A2D3FA3-4076-B407-E268-74D09EE27731}</UniqueIdentifier>
    </Filter>
    <Filter Include="JavaScriptCore\ForwardingHeaders">
      <UniqueIdentifier>{E0532438-CE36-D62B-8D61-48F8FC1EA2E3}</UniqueIdentifier>
    </Filter>
    <Filter Include="JavaScriptCore\ForwardingHeaders\JavaScriptCore">
      <UniqueIdentifier>{711CD6CE-3A00-831D-3218-B1DEB7C2B008}</UniqueIdentifier>
    </Filter>
    <Filter Include="JavaScriptCore\generated">
      <UniqueIdentifier>{9E46D928-49BA-6CC7-9183-49E40792D4D4}</UniqueIdentifier>
    </Filter>
    <Filter Include="JavaScriptCore\heap">
      <UniqueIdentifier>{38AA3E43-663F-7638-5E1C-EF96F2ACD439}</UniqueIdentifier>
    </Filter>
    <Filter Include="JavaScriptCore\interpreter">
      <UniqueIdentifier>{2AE477B2-4CA3-ADC8-44A9-C0DC736EC9FA}</UniqueIdentifier>
    </Filter>
    <Filter Include="JavaScriptCore\jit">
      <UniqueIdentifier>{309C999E-2EEE-3D02-84D7-D94D8139D579}</UniqueIdentifier>
    </Filter>
    <Filter Include="JavaScriptCore\os-win32">
      <UniqueIdentifier>{839D7703-84E1-337B-3907-0E49FA3A588A}</UniqueIdentifier>
    </Filter>
    <Filter Include="JavaScriptCore\parser">
      <UniqueIdentifier>{5EB0BEC8-3FEF-D256-013E-725D746CEADF}</UniqueIdentifier>
    </Filter>
    <Filter Include="JavaScriptCore\profiler">
      <UniqueIdentifier>{129AC8DC-BCD1-06C9-AF7D-E3FC0F76856B}</UniqueIdentifier>
    </Filter>
    <Filter Include="JavaScriptCore\runtime">
      <UniqueIdentifier>{0566D30B-0934-63A1-4421-4C0B45E36260}</UniqueIdentifier>
    </Filter>
    <Filter Include="JavaScriptCore\wtf">
      <UniqueIdentifier>{5547ED08-1D39-D974-1F8A-338B73F4E427}</UniqueIdentifier>
    </Filter>
    <Filter Include="JavaScriptCore\wtf\dtoa">
      <UniqueIdentifier>{132C02E8-FA32-4358-69E5-302702BD9191}</UniqueIdentifier>
    </Filter>
    <Filter Include="JavaScriptCore\wtf\ea">
      <UniqueIdentifier>{5A019361-8FA2-E611-33B2-670CBBA3CF88}</UniqueIdentifier>
    </Filter>
    <Filter Include="JavaScriptCore\wtf\gobject">
      <UniqueIdentifier>{B3001F1F-A56D-F993-A945-0F817CB2914F}</UniqueIdentifier>
    </Filter>
    <Filter Include="JavaScriptCore\wtf\text">
      <UniqueIdentifier>{BE3F53A2-C2A7-FEDB-3C92-F69CC5A3AFB8}</UniqueIdentifier>
    </Filter>
    <Filter Include="JavaScriptCore\wtf\threads">
      <UniqueIdentifier>{832F83FA-EB26-B92A-BFFA-F557C5614526}</UniqueIdentifier>
    </Filter>
    <Filter Include="JavaScriptCore\wtf\unicode">
      <UniqueIdentifier>{6C24AEBB-8BE8-682E-B8BE-CE89A95C9F2F}</UniqueIdentifier>
    </Filter>
    <Filter Include="JavaScriptCore\wtf\unicode\ea">
      <UniqueIdentifier>{8962013C-5E21-D725-9B31-0579100FF327}</UniqueIdentifier>
    </Filter>
    <Filter Include="JavaScriptCore\wtf\unicode\glib">
      <UniqueIdentifier>{F0D18DEF-9C74-A508-991E-52BD510606A9}</UniqueIdentifier>
    </Filter>
    <Filter Include="JavaScriptCore\yarr">
      <UniqueIdentifier>{E4B1721E-BF1E-E858-6520-163387885962}</UniqueIdentifier>
    </Filter>
  </ItemGroup>
  <ItemGroup>
    <ClInclude Include="config.h">
      <Filter>JavaScriptCore</Filter>
    </ClInclude>
    <ClInclude Include="JavaScriptCorePrefix.h">
      <Filter>JavaScriptCore</Filter>
    </ClInclude>
    <ClInclude Include="API\APICast.h">
      <Filter>JavaScriptCore\API</Filter>
    </ClInclude>
    <ClInclude Include="API\APIShims.h">
      <Filter>JavaScriptCore\API</Filter>
    </ClInclude>
    <ClInclude Include="API\JavaScript.h">
      <Filter>JavaScriptCore\API</Filter>
    </ClInclude>
    <ClInclude Include="API\JavaScriptCore.h">
      <Filter>JavaScriptCore\API</Filter>
    </ClInclude>
    <ClInclude Include="API\JSBase.h">
      <Filter>JavaScriptCore\API</Filter>
    </ClInclude>
    <ClInclude Include="API\JSBasePrivate.h">
      <Filter>JavaScriptCore\API</Filter>
    </ClInclude>
    <ClInclude Include="API\JSCallbackConstructor.h">
      <Filter>JavaScriptCore\API</Filter>
    </ClInclude>
    <ClInclude Include="API\JSCallbackFunction.h">
      <Filter>JavaScriptCore\API</Filter>
    </ClInclude>
    <ClInclude Include="API\JSCallbackObject.h">
      <Filter>JavaScriptCore\API</Filter>
    </ClInclude>
    <ClInclude Include="API\JSCallbackObjectFunctions.h">
      <Filter>JavaScriptCore\API</Filter>
    </ClInclude>
    <ClInclude Include="API\JSClassRef.h">
      <Filter>JavaScriptCore\API</Filter>
    </ClInclude>
    <ClInclude Include="API\JSContextRef.h">
      <Filter>JavaScriptCore\API</Filter>
    </ClInclude>
    <ClInclude Include="API\JSContextRefPrivate.h">
      <Filter>JavaScriptCore\API</Filter>
    </ClInclude>
    <ClInclude Include="API\JSObjectRef.h">
      <Filter>JavaScriptCore\API</Filter>
    </ClInclude>
    <ClInclude Include="API\JSObjectRefPrivate.h">
      <Filter>JavaScriptCore\API</Filter>
    </ClInclude>
    <ClInclude Include="API\JSProfilerPrivate.h">
      <Filter>JavaScriptCore\API</Filter>
    </ClInclude>
    <ClInclude Include="API\JSRetainPtr.h">
      <Filter>JavaScriptCore\API</Filter>
    </ClInclude>
    <ClInclude Include="API\JSSettingsEA.h">
      <Filter>JavaScriptCore\API</Filter>
    </ClInclude>
    <ClInclude Include="API\JSStringRef.h">
      <Filter>JavaScriptCore\API</Filter>
    </ClInclude>
    <ClInclude Include="API\JSStringRefBSTR.h">
      <Filter>JavaScriptCore\API</Filter>
    </ClInclude>
    <ClInclude Include="API\JSStringRefCF.h">
      <Filter>JavaScriptCore\API</Filter>
    </ClInclude>
    <ClInclude Include="API\JSTextInterface.h">
      <Filter>JavaScriptCore\API</Filter>
    </ClInclude>
    <ClInclude Include="API\JSValueRef.h">
      <Filter>JavaScriptCore\API</Filter>
    </ClInclude>
    <ClInclude Include="API\JSWeakObjectMapRefInternal.h">
      <Filter>JavaScriptCore\API</Filter>
    </ClInclude>
    <ClInclude Include="API\JSWeakObjectMapRefPrivate.h">
      <Filter>JavaScriptCore\API</Filter>
    </ClInclude>
    <ClInclude Include="API\OpaqueJSString.h">
      <Filter>JavaScriptCore\API</Filter>
    </ClInclude>
    <ClInclude Include="API\WebKitAvailability.h">
      <Filter>JavaScriptCore\API</Filter>
    </ClInclude>
    <ClInclude Include="API\tests\JSNode.h">
      <Filter>JavaScriptCore\API\tests</Filter>
    </ClInclude>
    <ClInclude Include="API\tests\JSNodeList.h">
      <Filter>JavaScriptCore\API\tests</Filter>
    </ClInclude>
    <ClInclude Include="API\tests\Node.h">
      <Filter>JavaScriptCore\API\tests</Filter>
    </ClInclude>
    <ClInclude Include="API\tests\NodeList.h">
      <Filter>JavaScriptCore\API\tests</Filter>
    </ClInclude>
    <ClInclude Include="assembler\AbstractMacroAssembler.h">
      <Filter>JavaScriptCore\assembler</Filter>
    </ClInclude>
    <ClInclude Include="assembler\ARMAssembler.h">
      <Filter>JavaScriptCore\assembler</Filter>
    </ClInclude>
    <ClInclude Include="assembler\ARMv7Assembler.h">
      <Filter>JavaScriptCore\assembler</Filter>
    </ClInclude>
    <ClInclude Include="assembler\AssemblerBuffer.h">
      <Filter>JavaScriptCore\assembler</Filter>
    </ClInclude>
    <ClInclude Include="assembler\AssemblerBufferWithConstantPool.h">
      <Filter>JavaScriptCore\assembler</Filter>
    </ClInclude>
    <ClInclude Include="assembler\CodeLocation.h">
      <Filter>JavaScriptCore\assembler</Filter>
    </ClInclude>
    <ClInclude Include="assembler\LinkBuffer.h">
      <Filter>JavaScriptCore\assembler</Filter>
    </ClInclude>
    <ClInclude Include="assembler\MacroAssembler.h">
      <Filter>JavaScriptCore\assembler</Filter>
    </ClInclude>
    <ClInclude Include="assembler\MacroAssemblerARM.h">
      <Filter>JavaScriptCore\assembler</Filter>
    </ClInclude>
    <ClInclude Include="assembler\MacroAssemblerARMv7.h">
      <Filter>JavaScriptCore\assembler</Filter>
    </ClInclude>
    <ClInclude Include="assembler\MacroAssemblerCodeRef.h">
      <Filter>JavaScriptCore\assembler</Filter>
    </ClInclude>
    <ClInclude Include="assembler\MacroAssemblerMIPS.h">
      <Filter>JavaScriptCore\assembler</Filter>
    </ClInclude>
    <ClInclude Include="assembler\MacroAssemblerSH4.h">
      <Filter>JavaScriptCore\assembler</Filter>
    </ClInclude>
    <ClInclude Include="assembler\MacroAssemblerX86.h">
      <Filter>JavaScriptCore\assembler</Filter>
    </ClInclude>
    <ClInclude Include="assembler\MacroAssemblerX86_64.h">
      <Filter>JavaScriptCore\assembler</Filter>
    </ClInclude>
    <ClInclude Include="assembler\MacroAssemblerX86Common.h">
      <Filter>JavaScriptCore\assembler</Filter>
    </ClInclude>
    <ClInclude Include="assembler\MIPSAssembler.h">
      <Filter>JavaScriptCore\assembler</Filter>
    </ClInclude>
    <ClInclude Include="assembler\RepatchBuffer.h">
      <Filter>JavaScriptCore\assembler</Filter>
    </ClInclude>
    <ClInclude Include="assembler\SH4Assembler.h">
      <Filter>JavaScriptCore\assembler</Filter>
    </ClInclude>
    <ClInclude Include="assembler\X86Assembler.h">
      <Filter>JavaScriptCore\assembler</Filter>
    </ClInclude>
    <ClInclude Include="bytecode\CodeBlock.h">
      <Filter>JavaScriptCore\bytecode</Filter>
    </ClInclude>
    <ClInclude Include="bytecode\EvalCodeCache.h">
      <Filter>JavaScriptCore\bytecode</Filter>
    </ClInclude>
    <ClInclude Include="bytecode\Instruction.h">
      <Filter>JavaScriptCore\bytecode</Filter>
    </ClInclude>
    <ClInclude Include="bytecode\JumpTable.h">
      <Filter>JavaScriptCore\bytecode</Filter>
    </ClInclude>
    <ClInclude Include="bytecode\Opcode.h">
      <Filter>JavaScriptCore\bytecode</Filter>
    </ClInclude>
    <ClInclude Include="bytecode\PredictedType.h">
      <Filter>JavaScriptCore\bytecode</Filter>
    </ClInclude>
    <ClInclude Include="bytecode\PredictionTracker.h">
      <Filter>JavaScriptCore\bytecode</Filter>
    </ClInclude>
    <ClInclude Include="bytecode\SamplingTool.h">
      <Filter>JavaScriptCore\bytecode</Filter>
    </ClInclude>
    <ClInclude Include="bytecode\StructureStubInfo.h">
      <Filter>JavaScriptCore\bytecode</Filter>
    </ClInclude>
    <ClInclude Include="bytecode\ValueProfile.h">
      <Filter>JavaScriptCore\bytecode</Filter>
    </ClInclude>
    <ClInclude Include="bytecompiler\BytecodeGenerator.h">
      <Filter>JavaScriptCore\bytecompiler</Filter>
    </ClInclude>
    <ClInclude Include="bytecompiler\Label.h">
      <Filter>JavaScriptCore\bytecompiler</Filter>
    </ClInclude>
    <ClInclude Include="bytecompiler\LabelScope.h">
      <Filter>JavaScriptCore\bytecompiler</Filter>
    </ClInclude>
    <ClInclude Include="bytecompiler\RegisterID.h">
      <Filter>JavaScriptCore\bytecompiler</Filter>
    </ClInclude>
    <ClInclude Include="debugger\Debugger.h">
      <Filter>JavaScriptCore\debugger</Filter>
    </ClInclude>
    <ClInclude Include="debugger\DebuggerActivation.h">
      <Filter>JavaScriptCore\debugger</Filter>
    </ClInclude>
    <ClInclude Include="debugger\DebuggerCallFrame.h">
      <Filter>JavaScriptCore\debugger</Filter>
    </ClInclude>
    <ClInclude Include="dfg\DFGAliasTracker.h">
      <Filter>JavaScriptCore\dfg</Filter>
    </ClInclude>
    <ClInclude Include="dfg\DFGByteCodeParser.h">
      <Filter>JavaScriptCore\dfg</Filter>
    </ClInclude>
    <ClInclude Include="dfg\DFGCapabilities.h">
      <Filter>JavaScriptCore\dfg</Filter>
    </ClInclude>
    <ClInclude Include="dfg\DFGDriver.h">
      <Filter>JavaScriptCore\dfg</Filter>
    </ClInclude>
    <ClInclude Include="dfg\DFGFPRInfo.h">
      <Filter>JavaScriptCore\dfg</Filter>
    </ClInclude>
    <ClInclude Include="dfg\DFGGenerationInfo.h">
      <Filter>JavaScriptCore\dfg</Filter>
    </ClInclude>
    <ClInclude Include="dfg\DFGGPRInfo.h">
      <Filter>JavaScriptCore\dfg</Filter>
    </ClInclude>
    <ClInclude Include="dfg\DFGGraph.h">
      <Filter>JavaScriptCore\dfg</Filter>
    </ClInclude>
    <ClInclude Include="dfg\DFGJITCodeGenerator.h">
      <Filter>JavaScriptCore\dfg</Filter>
    </ClInclude>
    <ClInclude Include="dfg\DFGJITCompiler.h">
      <Filter>JavaScriptCore\dfg</Filter>
    </ClInclude>
    <ClInclude Include="dfg\DFGNode.h">
      <Filter>JavaScriptCore\dfg</Filter>
    </ClInclude>
    <ClInclude Include="dfg\DFGNonSpeculativeJIT.h">
      <Filter>JavaScriptCore\dfg</Filter>
    </ClInclude>
    <ClInclude Include="dfg\DFGOperations.h">
      <Filter>JavaScriptCore\dfg</Filter>
    </ClInclude>
    <ClInclude Include="dfg\DFGOSREntry.h">
      <Filter>JavaScriptCore\dfg</Filter>
    </ClInclude>
    <ClInclude Include="dfg\DFGPropagator.h">
      <Filter>JavaScriptCore\dfg</Filter>
    </ClInclude>
    <ClInclude Include="dfg\DFGRegisterBank.h">
      <Filter>JavaScriptCore\dfg</Filter>
    </ClInclude>
    <ClInclude Include="dfg\DFGRepatch.h">
      <Filter>JavaScriptCore\dfg</Filter>
    </ClInclude>
    <ClInclude Include="dfg\DFGScoreBoard.h">
      <Filter>JavaScriptCore\dfg</Filter>
    </ClInclude>
    <ClInclude Include="dfg\DFGSpeculativeJIT.h">
      <Filter>JavaScriptCore\dfg</Filter>
    </ClInclude>
    <ClInclude Include="ForwardingHeaders\JavaScriptCore\APICast.h">
      <Filter>JavaScriptCore\ForwardingHeaders\JavaScriptCore</Filter>
    </ClInclude>
    <ClInclude Include="ForwardingHeaders\JavaScriptCore\APIShims.h">
      <Filter>JavaScriptCore\ForwardingHeaders\JavaScriptCore</Filter>
    </ClInclude>
    <ClInclude Include="ForwardingHeaders\JavaScriptCore\JavaScript.h">
      <Filter>JavaScriptCore\ForwardingHeaders\JavaScriptCore</Filter>
    </ClInclude>
    <ClInclude Include="ForwardingHeaders\JavaScriptCore\JavaScriptCore.h">
      <Filter>JavaScriptCore\ForwardingHeaders\JavaScriptCore</Filter>
    </ClInclude>
    <ClInclude Include="ForwardingHeaders\JavaScriptCore\JSBase.h">
      <Filter>JavaScriptCore\ForwardingHeaders\JavaScriptCore</Filter>
    </ClInclude>
    <ClInclude Include="ForwardingHeaders\JavaScriptCore\JSContextRef.h">
      <Filter>JavaScriptCore\ForwardingHeaders\JavaScriptCore</Filter>
    </ClInclude>
    <ClInclude Include="ForwardingHeaders\JavaScriptCore\JSObjectRef.h">
      <Filter>JavaScriptCore\ForwardingHeaders\JavaScriptCore</Filter>
    </ClInclude>
    <ClInclude Include="ForwardingHeaders\JavaScriptCore\JSRetainPtr.h">
      <Filter>JavaScriptCore\ForwardingHeaders\JavaScriptCore</Filter>
    </ClInclude>
    <ClInclude Include="ForwardingHeaders\JavaScriptCore\JSStringRef.h">
      <Filter>JavaScriptCore\ForwardingHeaders\JavaScriptCore</Filter>
    </ClInclude>
    <ClInclude Include="ForwardingHeaders\JavaScriptCore\JSStringRefCF.h">
      <Filter>JavaScriptCore\ForwardingHeaders\JavaScriptCore</Filter>
    </ClInclude>
    <ClInclude Include="ForwardingHeaders\JavaScriptCore\JSValueRef.h">
      <Filter>JavaScriptCore\ForwardingHeaders\JavaScriptCore</Filter>
    </ClInclude>
    <ClInclude Include="ForwardingHeaders\JavaScriptCore\OpaqueJSString.h">
      <Filter>JavaScriptCore\ForwardingHeaders\JavaScriptCore</Filter>
    </ClInclude>
    <ClInclude Include="ForwardingHeaders\JavaScriptCore\WebKitAvailability.h">
      <Filter>JavaScriptCore\ForwardingHeaders\JavaScriptCore</Filter>
    </ClInclude>
    <ClInclude Include="generated\ArrayConstructor.lut.h">
      <Filter>JavaScriptCore\generated</Filter>
    </ClInclude>
    <ClInclude Include="generated\ArrayPrototype.lut.h">
      <Filter>JavaScriptCore\generated</Filter>
    </ClInclude>
    <ClInclude Include="generated\BooleanPrototype.lut.h">
      <Filter>JavaScriptCore\generated</Filter>
    </ClInclude>
    <ClInclude Include="generated\DateConstructor.lut.h">
      <Filter>JavaScriptCore\generated</Filter>
    </ClInclude>
    <ClInclude Include="generated\DatePrototype.lut.h">
      <Filter>JavaScriptCore\generated</Filter>
    </ClInclude>
    <ClInclude Include="generated\ErrorPrototype.lut.h">
      <Filter>JavaScriptCore\generated</Filter>
    </ClInclude>
    <ClInclude Include="generated\GeneratedJITStubs_RVCT.h">
      <Filter>JavaScriptCore\generated</Filter>
    </ClInclude>
    <ClInclude Include="generated\JSGlobalObject.lut.h">
      <Filter>JavaScriptCore\generated</Filter>
    </ClInclude>
    <ClInclude Include="generated\JSONObject.lut.h">
      <Filter>JavaScriptCore\generated</Filter>
    </ClInclude>
    <ClInclude Include="generated\KeywordLookup.h">
      <Filter>JavaScriptCore\generated</Filter>
    </ClInclude>
    <ClInclude Include="generated\Lexer.lut.h">
      <Filter>JavaScriptCore\generated</Filter>
    </ClInclude>
    <ClInclude Include="generated\MathObject.lut.h">
      <Filter>JavaScriptCore\generated</Filter>
    </ClInclude>
    <ClInclude Include="generated\NumberConstructor.lut.h">
      <Filter>JavaScriptCore\generated</Filter>
    </ClInclude>
    <ClInclude Include="generated\NumberPrototype.lut.h">
      <Filter>JavaScriptCore\generated</Filter>
    </ClInclude>
    <ClInclude Include="generated\ObjectConstructor.lut.h">
      <Filter>JavaScriptCore\generated</Filter>
    </ClInclude>
    <ClInclude Include="generated\ObjectPrototype.lut.h">
      <Filter>JavaScriptCore\generated</Filter>
    </ClInclude>
    <ClInclude Include="generated\RegExpConstructor.lut.h">
      <Filter>JavaScriptCore\generated</Filter>
    </ClInclude>
    <ClInclude Include="generated\RegExpJitTables.h">
      <Filter>JavaScriptCore\generated</Filter>
    </ClInclude>
    <ClInclude Include="generated\RegExpObject.lut.h">
      <Filter>JavaScriptCore\generated</Filter>
    </ClInclude>
    <ClInclude Include="generated\RegExpPrototype.lut.h">
      <Filter>JavaScriptCore\generated</Filter>
    </ClInclude>
    <ClInclude Include="generated\StringConstructor.lut.h">
      <Filter>JavaScriptCore\generated</Filter>
    </ClInclude>
    <ClInclude Include="generated\StringPrototype.lut.h">
      <Filter>JavaScriptCore\generated</Filter>
    </ClInclude>
    <ClInclude Include="heap\ConservativeRoots.h">
      <Filter>JavaScriptCore\heap</Filter>
    </ClInclude>
    <ClInclude Include="heap\Handle.h">
      <Filter>JavaScriptCore\heap</Filter>
    </ClInclude>
    <ClInclude Include="heap\HandleHeap.h">
      <Filter>JavaScriptCore\heap</Filter>
    </ClInclude>
    <ClInclude Include="heap\HandleStack.h">
      <Filter>JavaScriptCore\heap</Filter>
    </ClInclude>
    <ClInclude Include="heap\HandleTypes.h">
      <Filter>JavaScriptCore\heap</Filter>
    </ClInclude>
    <ClInclude Include="heap\Heap.h">
      <Filter>JavaScriptCore\heap</Filter>
    </ClInclude>
    <ClInclude Include="heap\HeapRootVisitor.h">
      <Filter>JavaScriptCore\heap</Filter>
    </ClInclude>
    <ClInclude Include="heap\Local.h">
      <Filter>JavaScriptCore\heap</Filter>
    </ClInclude>
    <ClInclude Include="heap\LocalScope.h">
      <Filter>JavaScriptCore\heap</Filter>
    </ClInclude>
    <ClInclude Include="heap\MachineStackMarker.h">
      <Filter>JavaScriptCore\heap</Filter>
    </ClInclude>
    <ClInclude Include="heap\MarkedBlock.h">
      <Filter>JavaScriptCore\heap</Filter>
    </ClInclude>
    <ClInclude Include="heap\MarkedBlockSet.h">
      <Filter>JavaScriptCore\heap</Filter>
    </ClInclude>
    <ClInclude Include="heap\MarkStack.h">
      <Filter>JavaScriptCore\heap</Filter>
    </ClInclude>
    <ClInclude Include="heap\NewSpace.h">
      <Filter>JavaScriptCore\heap</Filter>
    </ClInclude>
    <ClInclude Include="heap\SlotVisitor.h">
      <Filter>JavaScriptCore\heap</Filter>
    </ClInclude>
    <ClInclude Include="heap\Strong.h">
      <Filter>JavaScriptCore\heap</Filter>
    </ClInclude>
    <ClInclude Include="heap\TinyBloomFilter.h">
      <Filter>JavaScriptCore\heap</Filter>
    </ClInclude>
    <ClInclude Include="heap\VTableSpectrum.h">
      <Filter>JavaScriptCore\heap</Filter>
    </ClInclude>
    <ClInclude Include="heap\Weak.h">
      <Filter>JavaScriptCore\heap</Filter>
    </ClInclude>
    <ClInclude Include="heap\WeakReferenceHarvester.h">
      <Filter>JavaScriptCore\heap</Filter>
    </ClInclude>
    <ClInclude Include="heap\WriteBarrierSupport.h">
      <Filter>JavaScriptCore\heap</Filter>
    </ClInclude>
    <ClInclude Include="interpreter\CachedCall.h">
      <Filter>JavaScriptCore\interpreter</Filter>
    </ClInclude>
    <ClInclude Include="interpreter\CallFrame.h">
      <Filter>JavaScriptCore\interpreter</Filter>
    </ClInclude>
    <ClInclude Include="interpreter\CallFrameClosure.h">
      <Filter>JavaScriptCore\interpreter</Filter>
    </ClInclude>
    <ClInclude Include="interpreter\Interpreter.h">
      <Filter>JavaScriptCore\interpreter</Filter>
    </ClInclude>
    <ClInclude Include="interpreter\Register.h">
      <Filter>JavaScriptCore\interpreter</Filter>
    </ClInclude>
    <ClInclude Include="interpreter\RegisterFile.h">
      <Filter>JavaScriptCore\interpreter</Filter>
    </ClInclude>
    <ClInclude Include="jit\CompactJITCodeMap.h">
      <Filter>JavaScriptCore\jit</Filter>
    </ClInclude>
    <ClInclude Include="jit\ExecutableAllocator.h">
      <Filter>JavaScriptCore\jit</Filter>
    </ClInclude>
    <ClInclude Include="jit\JIT.h">
      <Filter>JavaScriptCore\jit</Filter>
    </ClInclude>
    <ClInclude Include="jit\JITCode.h">
      <Filter>JavaScriptCore\jit</Filter>
    </ClInclude>
    <ClInclude Include="jit\JITInlineMethods.h">
      <Filter>JavaScriptCore\jit</Filter>
    </ClInclude>
    <ClInclude Include="jit\JITStubCall.h">
      <Filter>JavaScriptCore\jit</Filter>
    </ClInclude>
    <ClInclude Include="jit\JITStubs.h">
      <Filter>JavaScriptCore\jit</Filter>
    </ClInclude>
    <ClInclude Include="jit\JITWriteBarrier.h">
      <Filter>JavaScriptCore\jit</Filter>
    </ClInclude>
    <ClInclude Include="jit\JSInterfaceJIT.h">
      <Filter>JavaScriptCore\jit</Filter>
    </ClInclude>
    <ClInclude Include="jit\SpecializedThunkJIT.h">
      <Filter>JavaScriptCore\jit</Filter>
    </ClInclude>
    <ClInclude Include="jit\ThunkGenerators.h">
      <Filter>JavaScriptCore\jit</Filter>
    </ClInclude>
    <ClInclude Include="os-win32\inttypes.h">
      <Filter>JavaScriptCore\os-win32</Filter>
    </ClInclude>
    <ClInclude Include="os-win32\stdbool.h">
      <Filter>JavaScriptCore\os-win32</Filter>
    </ClInclude>
    <ClInclude Include="os-win32\stdint.h">
      <Filter>JavaScriptCore\os-win32</Filter>
    </ClInclude>
    <ClInclude Include="parser\ASTBuilder.h">
      <Filter>JavaScriptCore\parser</Filter>
    </ClInclude>
    <ClInclude Include="parser\JSParser.h">
      <Filter>JavaScriptCore\parser</Filter>
    </ClInclude>
    <ClInclude Include="parser\Lexer.h">
      <Filter>JavaScriptCore\parser</Filter>
    </ClInclude>
    <ClInclude Include="parser\NodeConstructors.h">
      <Filter>JavaScriptCore\parser</Filter>
    </ClInclude>
    <ClInclude Include="parser\NodeInfo.h">
      <Filter>JavaScriptCore\parser</Filter>
    </ClInclude>
    <ClInclude Include="parser\Nodes.h">
      <Filter>JavaScriptCore\parser</Filter>
    </ClInclude>
    <ClInclude Include="parser\Parser.h">
      <Filter>JavaScriptCore\parser</Filter>
    </ClInclude>
    <ClInclude Include="parser\ParserArena.h">
      <Filter>JavaScriptCore\parser</Filter>
    </ClInclude>
    <ClInclude Include="parser\ResultType.h">
      <Filter>JavaScriptCore\parser</Filter>
    </ClInclude>
    <ClInclude Include="parser\SourceCode.h">
      <Filter>JavaScriptCore\parser</Filter>
    </ClInclude>
    <ClInclude Include="parser\SourceProvider.h">
      <Filter>JavaScriptCore\parser</Filter>
    </ClInclude>
    <ClInclude Include="parser\SourceProviderCache.h">
      <Filter>JavaScriptCore\parser</Filter>
    </ClInclude>
    <ClInclude Include="parser\SourceProviderCacheItem.h">
      <Filter>JavaScriptCore\parser</Filter>
    </ClInclude>
    <ClInclude Include="parser\SyntaxChecker.h">
      <Filter>JavaScriptCore\parser</Filter>
    </ClInclude>
    <ClInclude Include="profiler\CallIdentifier.h">
      <Filter>JavaScriptCore\profiler</Filter>
    </ClInclude>
    <ClInclude Include="profiler\Profile.h">
      <Filter>JavaScriptCore\profiler</Filter>
    </ClInclude>
    <ClInclude Include="profiler\ProfileGenerator.h">
      <Filter>JavaScriptCore\profiler</Filter>
    </ClInclude>
    <ClInclude Include="profiler\ProfileNode.h">
      <Filter>JavaScriptCore\profiler</Filter>
    </ClInclude>
    <ClInclude Include="profiler\Profiler.h">
      <Filter>JavaScriptCore\profiler</Filter>
    </ClInclude>
    <ClInclude Include="profiler\ProfilerServer.h">
      <Filter>JavaScriptCore\profiler</Filter>
    </ClInclude>
    <ClInclude Include="runtime\ArgList.h">
      <Filter>JavaScriptCore\runtime</Filter>
    </ClInclude>
    <ClInclude Include="runtime\Arguments.h">
      <Filter>JavaScriptCore\runtime</Filter>
    </ClInclude>
    <ClInclude Include="runtime\ArrayConstructor.h">
      <Filter>JavaScriptCore\runtime</Filter>
    </ClInclude>
    <ClInclude Include="runtime\ArrayPrototype.h">
      <Filter>JavaScriptCore\runtime</Filter>
    </ClInclude>
    <ClInclude Include="runtime\BatchedTransitionOptimizer.h">
      <Filter>JavaScriptCore\runtime</Filter>
    </ClInclude>
    <ClInclude Include="runtime\BigInteger.h">
      <Filter>JavaScriptCore\runtime</Filter>
    </ClInclude>
    <ClInclude Include="runtime\BooleanConstructor.h">
      <Filter>JavaScriptCore\runtime</Filter>
    </ClInclude>
    <ClInclude Include="runtime\BooleanObject.h">
      <Filter>JavaScriptCore\runtime</Filter>
    </ClInclude>
    <ClInclude Include="runtime\BooleanPrototype.h">
      <Filter>JavaScriptCore\runtime</Filter>
    </ClInclude>
    <ClInclude Include="runtime\CachedTranscendentalFunction.h">
      <Filter>JavaScriptCore\runtime</Filter>
    </ClInclude>
    <ClInclude Include="runtime\CallData.h">
      <Filter>JavaScriptCore\runtime</Filter>
    </ClInclude>
    <ClInclude Include="runtime\ClassInfo.h">
      <Filter>JavaScriptCore\runtime</Filter>
    </ClInclude>
    <ClInclude Include="runtime\CommonIdentifiers.h">
      <Filter>JavaScriptCore\runtime</Filter>
    </ClInclude>
    <ClInclude Include="runtime\Completion.h">
      <Filter>JavaScriptCore\runtime</Filter>
    </ClInclude>
    <ClInclude Include="runtime\ConstructData.h">
      <Filter>JavaScriptCore\runtime</Filter>
    </ClInclude>
    <ClInclude Include="runtime\DateConstructor.h">
      <Filter>JavaScriptCore\runtime</Filter>
    </ClInclude>
    <ClInclude Include="runtime\DateConversion.h">
      <Filter>JavaScriptCore\runtime</Filter>
    </ClInclude>
    <ClInclude Include="runtime\DateInstance.h">
      <Filter>JavaScriptCore\runtime</Filter>
    </ClInclude>
    <ClInclude Include="runtime\DateInstanceCache.h">
      <Filter>JavaScriptCore\runtime</Filter>
    </ClInclude>
    <ClInclude Include="runtime\DatePrototype.h">
      <Filter>JavaScriptCore\runtime</Filter>
    </ClInclude>
    <ClInclude Include="runtime\Error.h">
      <Filter>JavaScriptCore\runtime</Filter>
    </ClInclude>
    <ClInclude Include="runtime\ErrorConstructor.h">
      <Filter>JavaScriptCore\runtime</Filter>
    </ClInclude>
    <ClInclude Include="runtime\ErrorInstance.h">
      <Filter>JavaScriptCore\runtime</Filter>
    </ClInclude>
    <ClInclude Include="runtime\ErrorPrototype.h">
      <Filter>JavaScriptCore\runtime</Filter>
    </ClInclude>
    <ClInclude Include="runtime\ExceptionHelpers.h">
      <Filter>JavaScriptCore\runtime</Filter>
    </ClInclude>
    <ClInclude Include="runtime\Executable.h">
      <Filter>JavaScriptCore\runtime</Filter>
    </ClInclude>
    <ClInclude Include="runtime\FunctionConstructor.h">
      <Filter>JavaScriptCore\runtime</Filter>
    </ClInclude>
    <ClInclude Include="runtime\FunctionPrototype.h">
      <Filter>JavaScriptCore\runtime</Filter>
    </ClInclude>
    <ClInclude Include="runtime\GCActivityCallback.h">
      <Filter>JavaScriptCore\runtime</Filter>
    </ClInclude>
    <ClInclude Include="runtime\GetterSetter.h">
      <Filter>JavaScriptCore\runtime</Filter>
    </ClInclude>
    <ClInclude Include="runtime\Identifier.h">
      <Filter>JavaScriptCore\runtime</Filter>
    </ClInclude>
    <ClInclude Include="runtime\InitializeThreading.h">
      <Filter>JavaScriptCore\runtime</Filter>
    </ClInclude>
    <ClInclude Include="runtime\InternalFunction.h">
      <Filter>JavaScriptCore\runtime</Filter>
    </ClInclude>
    <ClInclude Include="runtime\JSActivation.h">
      <Filter>JavaScriptCore\runtime</Filter>
    </ClInclude>
    <ClInclude Include="runtime\JSAPIValueWrapper.h">
      <Filter>JavaScriptCore\runtime</Filter>
    </ClInclude>
    <ClInclude Include="runtime\JSArray.h">
      <Filter>JavaScriptCore\runtime</Filter>
    </ClInclude>
    <ClInclude Include="runtime\JSByteArray.h">
      <Filter>JavaScriptCore\runtime</Filter>
    </ClInclude>
    <ClInclude Include="runtime\JSCell.h">
      <Filter>JavaScriptCore\runtime</Filter>
    </ClInclude>
    <ClInclude Include="runtime\JSChunk.h">
      <Filter>JavaScriptCore\runtime</Filter>
    </ClInclude>
    <ClInclude Include="runtime\JSFunction.h">
      <Filter>JavaScriptCore\runtime</Filter>
    </ClInclude>
    <ClInclude Include="runtime\JSGlobalData.h">
      <Filter>JavaScriptCore\runtime</Filter>
    </ClInclude>
    <ClInclude Include="runtime\JSGlobalObject.h">
      <Filter>JavaScriptCore\runtime</Filter>
    </ClInclude>
    <ClInclude Include="runtime\JSGlobalObjectFunctions.h">
      <Filter>JavaScriptCore\runtime</Filter>
    </ClInclude>
    <ClInclude Include="runtime\JSLock.h">
      <Filter>JavaScriptCore\runtime</Filter>
    </ClInclude>
    <ClInclude Include="runtime\JSNotAnObject.h">
      <Filter>JavaScriptCore\runtime</Filter>
    </ClInclude>
    <ClInclude Include="runtime\JSObject.h">
      <Filter>JavaScriptCore\runtime</Filter>
    </ClInclude>
    <ClInclude Include="runtime\JSONObject.h">
      <Filter>JavaScriptCore\runtime</Filter>
    </ClInclude>
    <ClInclude Include="runtime\JSPropertyNameIterator.h">
      <Filter>JavaScriptCore\runtime</Filter>
    </ClInclude>
    <ClInclude Include="runtime\JSStaticScopeObject.h">
      <Filter>JavaScriptCore\runtime</Filter>
    </ClInclude>
    <ClInclude Include="runtime\JSString.h">
      <Filter>JavaScriptCore\runtime</Filter>
    </ClInclude>
    <ClInclude Include="runtime\JSStringBuilder.h">
      <Filter>JavaScriptCore\runtime</Filter>
    </ClInclude>
    <ClInclude Include="runtime\JSType.h">
      <Filter>JavaScriptCore\runtime</Filter>
    </ClInclude>
    <ClInclude Include="runtime\JSTypeInfo.h">
      <Filter>JavaScriptCore\runtime</Filter>
    </ClInclude>
    <ClInclude Include="runtime\JSValue.h">
      <Filter>JavaScriptCore\runtime</Filter>
    </ClInclude>
    <ClInclude Include="runtime\JSValueInlineMethods.h">
      <Filter>JavaScriptCore\runtime</Filter>
    </ClInclude>
    <ClInclude Include="runtime\JSVariableObject.h">
      <Filter>JavaScriptCore\runtime</Filter>
    </ClInclude>
    <ClInclude Include="runtime\JSWrapperObject.h">
      <Filter>JavaScriptCore\runtime</Filter>
    </ClInclude>
    <ClInclude Include="runtime\LiteralParser.h">
      <Filter>JavaScriptCore\runtime</Filter>
    </ClInclude>
    <ClInclude Include="runtime\Lookup.h">
      <Filter>JavaScriptCore\runtime</Filter>
    </ClInclude>
    <ClInclude Include="runtime\MathObject.h">
      <Filter>JavaScriptCore\runtime</Filter>
    </ClInclude>
    <ClInclude Include="runtime\MemoryStatistics.h">
      <Filter>JavaScriptCore\runtime</Filter>
    </ClInclude>
    <ClInclude Include="runtime\NativeErrorConstructor.h">
      <Filter>JavaScriptCore\runtime</Filter>
    </ClInclude>
    <ClInclude Include="runtime\NativeErrorPrototype.h">
      <Filter>JavaScriptCore\runtime</Filter>
    </ClInclude>
    <ClInclude Include="runtime\NumberConstructor.h">
      <Filter>JavaScriptCore\runtime</Filter>
    </ClInclude>
    <ClInclude Include="runtime\NumberObject.h">
      <Filter>JavaScriptCore\runtime</Filter>
    </ClInclude>
    <ClInclude Include="runtime\NumberPrototype.h">
      <Filter>JavaScriptCore\runtime</Filter>
    </ClInclude>
    <ClInclude Include="runtime\NumericStrings.h">
      <Filter>JavaScriptCore\runtime</Filter>
    </ClInclude>
    <ClInclude Include="runtime\ObjectConstructor.h">
      <Filter>JavaScriptCore\runtime</Filter>
    </ClInclude>
    <ClInclude Include="runtime\ObjectPrototype.h">
      <Filter>JavaScriptCore\runtime</Filter>
    </ClInclude>
    <ClInclude Include="runtime\Operations.h">
      <Filter>JavaScriptCore\runtime</Filter>
    </ClInclude>
    <ClInclude Include="runtime\PropertyDescriptor.h">
      <Filter>JavaScriptCore\runtime</Filter>
    </ClInclude>
    <ClInclude Include="runtime\PropertyMapHashTable.h">
      <Filter>JavaScriptCore\runtime</Filter>
    </ClInclude>
    <ClInclude Include="runtime\PropertyNameArray.h">
      <Filter>JavaScriptCore\runtime</Filter>
    </ClInclude>
    <ClInclude Include="runtime\PropertySlot.h">
      <Filter>JavaScriptCore\runtime</Filter>
    </ClInclude>
    <ClInclude Include="runtime\Protect.h">
      <Filter>JavaScriptCore\runtime</Filter>
    </ClInclude>
    <ClInclude Include="runtime\PutPropertySlot.h">
      <Filter>JavaScriptCore\runtime</Filter>
    </ClInclude>
    <ClInclude Include="runtime\RegExp.h">
      <Filter>JavaScriptCore\runtime</Filter>
    </ClInclude>
    <ClInclude Include="runtime\RegExpCache.h">
      <Filter>JavaScriptCore\runtime</Filter>
    </ClInclude>
    <ClInclude Include="runtime\RegExpConstructor.h">
      <Filter>JavaScriptCore\runtime</Filter>
    </ClInclude>
    <ClInclude Include="runtime\RegExpKey.h">
      <Filter>JavaScriptCore\runtime</Filter>
    </ClInclude>
    <ClInclude Include="runtime\RegExpMatchesArray.h">
      <Filter>JavaScriptCore\runtime</Filter>
    </ClInclude>
    <ClInclude Include="runtime\RegExpObject.h">
      <Filter>JavaScriptCore\runtime</Filter>
    </ClInclude>
    <ClInclude Include="runtime\RegExpPrototype.h">
      <Filter>JavaScriptCore\runtime</Filter>
    </ClInclude>
    <ClInclude Include="runtime\RopeImpl.h">
      <Filter>JavaScriptCore\runtime</Filter>
    </ClInclude>
    <ClInclude Include="runtime\SamplingCounter.h">
      <Filter>JavaScriptCore\runtime</Filter>
    </ClInclude>
    <ClInclude Include="runtime\ScopeChain.h">
      <Filter>JavaScriptCore\runtime</Filter>
    </ClInclude>
    <ClInclude Include="runtime\ScopeChainMark.h">
      <Filter>JavaScriptCore\runtime</Filter>
    </ClInclude>
    <ClInclude Include="runtime\SmallStrings.h">
      <Filter>JavaScriptCore\runtime</Filter>
    </ClInclude>
    <ClInclude Include="runtime\StorageBarrier.h">
      <Filter>JavaScriptCore\runtime</Filter>
    </ClInclude>
    <ClInclude Include="runtime\StrictEvalActivation.h">
      <Filter>JavaScriptCore\runtime</Filter>
    </ClInclude>
    <ClInclude Include="runtime\StringConstructor.h">
      <Filter>JavaScriptCore\runtime</Filter>
    </ClInclude>
    <ClInclude Include="runtime\StringObject.h">
      <Filter>JavaScriptCore\runtime</Filter>
    </ClInclude>
    <ClInclude Include="runtime\StringObjectThatMasqueradesAsUndefined.h">
      <Filter>JavaScriptCore\runtime</Filter>
    </ClInclude>
    <ClInclude Include="runtime\StringPrototype.h">
      <Filter>JavaScriptCore\runtime</Filter>
    </ClInclude>
    <ClInclude Include="runtime\StringRecursionChecker.h">
      <Filter>JavaScriptCore\runtime</Filter>
    </ClInclude>
    <ClInclude Include="runtime\Structure.h">
      <Filter>JavaScriptCore\runtime</Filter>
    </ClInclude>
    <ClInclude Include="runtime\StructureChain.h">
      <Filter>JavaScriptCore\runtime</Filter>
    </ClInclude>
    <ClInclude Include="runtime\StructureTransitionTable.h">
      <Filter>JavaScriptCore\runtime</Filter>
    </ClInclude>
    <ClInclude Include="runtime\SymbolTable.h">
      <Filter>JavaScriptCore\runtime</Filter>
    </ClInclude>
    <ClInclude Include="runtime\Terminator.h">
      <Filter>JavaScriptCore\runtime</Filter>
    </ClInclude>
    <ClInclude Include="runtime\TimeoutChecker.h">
      <Filter>JavaScriptCore\runtime</Filter>
    </ClInclude>
    <ClInclude Include="runtime\Tracing.h">
      <Filter>JavaScriptCore\runtime</Filter>
    </ClInclude>
    <ClInclude Include="runtime\Uint16WithFraction.h">
      <Filter>JavaScriptCore\runtime</Filter>
    </ClInclude>
    <ClInclude Include="runtime\UString.h">
      <Filter>JavaScriptCore\runtime</Filter>
    </ClInclude>
    <ClInclude Include="runtime\UStringBuilder.h">
      <Filter>JavaScriptCore\runtime</Filter>
    </ClInclude>
    <ClInclude Include="runtime\UStringConcatenate.h">
      <Filter>JavaScriptCore\runtime</Filter>
    </ClInclude>
    <ClInclude Include="runtime\WeakGCMap.h">
      <Filter>JavaScriptCore\runtime</Filter>
    </ClInclude>
    <ClInclude Include="runtime\WeakRandom.h">
      <Filter>JavaScriptCore\runtime</Filter>
    </ClInclude>
    <ClInclude Include="runtime\WriteBarrier.h">
      <Filter>JavaScriptCore\runtime</Filter>
    </ClInclude>
    <ClInclude Include="wtf\Alignment.h">
      <Filter>JavaScriptCore\wtf</Filter>
    </ClInclude>
    <ClInclude Include="wtf\AlwaysInline.h">
      <Filter>JavaScriptCore\wtf</Filter>
    </ClInclude>
    <ClInclude Include="wtf\ASCIICType.h">
      <Filter>JavaScriptCore\wtf</Filter>
    </ClInclude>
    <ClInclude Include="wtf\Assertions.h">
      <Filter>JavaScriptCore\wtf</Filter>
    </ClInclude>
    <ClInclude Include="wtf\Atomics.h">
      <Filter>JavaScriptCore\wtf</Filter>
    </ClInclude>
    <ClInclude Include="wtf\AVLTree.h">
      <Filter>JavaScriptCore\wtf</Filter>
    </ClInclude>
    <ClInclude Include="wtf\Bitmap.h">
      <Filter>JavaScriptCore\wtf</Filter>
    </ClInclude>
    <ClInclude Include="wtf\BlockStack.h">
      <Filter>JavaScriptCore\wtf</Filter>
    </ClInclude>
    <ClInclude Include="wtf\BloomFilter.h">
      <Filter>JavaScriptCore\wtf</Filter>
    </ClInclude>
    <ClInclude Include="wtf\BoundsCheckedPointer.h">
      <Filter>JavaScriptCore\wtf</Filter>
    </ClInclude>
    <ClInclude Include="wtf\BumpPointerAllocator.h">
      <Filter>JavaScriptCore\wtf</Filter>
    </ClInclude>
    <ClInclude Include="wtf\ByteArray.h">
      <Filter>JavaScriptCore\wtf</Filter>
    </ClInclude>
    <ClInclude Include="wtf\CheckedArithmetic.h">
      <Filter>JavaScriptCore\wtf</Filter>
    </ClInclude>
    <ClInclude Include="wtf\Compiler.h">
      <Filter>JavaScriptCore\wtf</Filter>
    </ClInclude>
    <ClInclude Include="wtf\Complex.h">
      <Filter>JavaScriptCore\wtf</Filter>
    </ClInclude>
    <ClInclude Include="wtf\CrossThreadRefCounted.h">
      <Filter>JavaScriptCore\wtf</Filter>
    </ClInclude>
    <ClInclude Include="wtf\CryptographicallyRandomNumber.h">
      <Filter>JavaScriptCore\wtf</Filter>
    </ClInclude>
    <ClInclude Include="wtf\CurrentTime.h">
      <Filter>JavaScriptCore\wtf</Filter>
    </ClInclude>
    <ClInclude Include="wtf\DateMath.h">
      <Filter>JavaScriptCore\wtf</Filter>
    </ClInclude>
    <ClInclude Include="wtf\DecimalNumber.h">
      <Filter>JavaScriptCore\wtf</Filter>
    </ClInclude>
    <ClInclude Include="wtf\Decoder.h">
      <Filter>JavaScriptCore\wtf</Filter>
    </ClInclude>
    <ClInclude Include="wtf\Deque.h">
      <Filter>JavaScriptCore\wtf</Filter>
    </ClInclude>
    <ClInclude Include="wtf\DisallowCType.h">
      <Filter>JavaScriptCore\wtf</Filter>
    </ClInclude>
    <ClInclude Include="wtf\DoublyLinkedList.h">
      <Filter>JavaScriptCore\wtf</Filter>
    </ClInclude>
    <ClInclude Include="wtf\dtoa.h">
      <Filter>JavaScriptCore\wtf</Filter>
    </ClInclude>
    <ClInclude Include="wtf\DynamicAnnotations.h">
      <Filter>JavaScriptCore\wtf</Filter>
    </ClInclude>
    <ClInclude Include="wtf\Encoder.h">
      <Filter>JavaScriptCore\wtf</Filter>
    </ClInclude>
    <ClInclude Include="wtf\ExportMacros.h">
      <Filter>JavaScriptCore\wtf</Filter>
    </ClInclude>
    <ClInclude Include="wtf\FastAllocBase.h">
      <Filter>JavaScriptCore\wtf</Filter>
    </ClInclude>
    <ClInclude Include="wtf\FastMalloc.h">
      <Filter>JavaScriptCore\wtf</Filter>
    </ClInclude>
    <ClInclude Include="wtf\FixedArray.h">
      <Filter>JavaScriptCore\wtf</Filter>
    </ClInclude>
    <ClInclude Include="wtf\Forward.h">
      <Filter>JavaScriptCore\wtf</Filter>
    </ClInclude>
    <ClInclude Include="wtf\GetPtr.h">
      <Filter>JavaScriptCore\wtf</Filter>
    </ClInclude>
    <ClInclude Include="wtf\HashCountedSet.h">
      <Filter>JavaScriptCore\wtf</Filter>
    </ClInclude>
    <ClInclude Include="wtf\HashFunctions.h">
      <Filter>JavaScriptCore\wtf</Filter>
    </ClInclude>
    <ClInclude Include="wtf\HashIterators.h">
      <Filter>JavaScriptCore\wtf</Filter>
    </ClInclude>
    <ClInclude Include="wtf\HashMap.h">
      <Filter>JavaScriptCore\wtf</Filter>
    </ClInclude>
    <ClInclude Include="wtf\HashSet.h">
      <Filter>JavaScriptCore\wtf</Filter>
    </ClInclude>
    <ClInclude Include="wtf\HashTable.h">
      <Filter>JavaScriptCore\wtf</Filter>
    </ClInclude>
    <ClInclude Include="wtf\HashTraits.h">
      <Filter>JavaScriptCore\wtf</Filter>
    </ClInclude>
    <ClInclude Include="wtf\HexNumber.h">
      <Filter>JavaScriptCore\wtf</Filter>
    </ClInclude>
    <ClInclude Include="wtf\ListHashSet.h">
      <Filter>JavaScriptCore\wtf</Filter>
    </ClInclude>
    <ClInclude Include="wtf\ListRefPtr.h">
      <Filter>JavaScriptCore\wtf</Filter>
    </ClInclude>
    <ClInclude Include="wtf\Locker.h">
      <Filter>JavaScriptCore\wtf</Filter>
    </ClInclude>
    <ClInclude Include="wtf\MainThread.h">
      <Filter>JavaScriptCore\wtf</Filter>
    </ClInclude>
    <ClInclude Include="wtf\MallocZoneSupport.h">
      <Filter>JavaScriptCore\wtf</Filter>
    </ClInclude>
    <ClInclude Include="wtf\MathExtras.h">
      <Filter>JavaScriptCore\wtf</Filter>
    </ClInclude>
    <ClInclude Include="wtf\MD5.h">
      <Filter>JavaScriptCore\wtf</Filter>
    </ClInclude>
    <ClInclude Include="wtf\MessageQueue.h">
      <Filter>JavaScriptCore\wtf</Filter>
    </ClInclude>
    <ClInclude Include="wtf\MetaAllocator.h">
      <Filter>JavaScriptCore\wtf</Filter>
    </ClInclude>
    <ClInclude Include="wtf\MetaAllocatorHandle.h">
      <Filter>JavaScriptCore\wtf</Filter>
    </ClInclude>
    <ClInclude Include="wtf\Noncopyable.h">
      <Filter>JavaScriptCore\wtf</Filter>
    </ClInclude>
    <ClInclude Include="wtf\NonCopyingSort.h">
      <Filter>JavaScriptCore\wtf</Filter>
    </ClInclude>
    <ClInclude Include="wtf\NotFound.h">
      <Filter>JavaScriptCore\wtf</Filter>
    </ClInclude>
    <ClInclude Include="wtf\NullPtr.h">
      <Filter>JavaScriptCore\wtf</Filter>
    </ClInclude>
    <ClInclude Include="wtf\OSAllocator.h">
      <Filter>JavaScriptCore\wtf</Filter>
    </ClInclude>
    <ClInclude Include="wtf\OSRandomSource.h">
      <Filter>JavaScriptCore\wtf</Filter>
    </ClInclude>
    <ClInclude Include="wtf\OwnArrayPtr.h">
      <Filter>JavaScriptCore\wtf</Filter>
    </ClInclude>
    <ClInclude Include="wtf\OwnFastMallocPtr.h">
      <Filter>JavaScriptCore\wtf</Filter>
    </ClInclude>
    <ClInclude Include="wtf\OwnPtr.h">
      <Filter>JavaScriptCore\wtf</Filter>
    </ClInclude>
    <ClInclude Include="wtf\OwnPtrCommon.h">
      <Filter>JavaScriptCore\wtf</Filter>
    </ClInclude>
    <ClInclude Include="wtf\PageAllocation.h">
      <Filter>JavaScriptCore\wtf</Filter>
    </ClInclude>
    <ClInclude Include="wtf\PageAllocationAligned.h">
      <Filter>JavaScriptCore\wtf</Filter>
    </ClInclude>
    <ClInclude Include="wtf\PageAllocatorSymbian.h">
      <Filter>JavaScriptCore\wtf</Filter>
    </ClInclude>
    <ClInclude Include="wtf\PageBlock.h">
      <Filter>JavaScriptCore\wtf</Filter>
    </ClInclude>
    <ClInclude Include="wtf\PageReservation.h">
      <Filter>JavaScriptCore\wtf</Filter>
    </ClInclude>
    <ClInclude Include="wtf\ParallelJobs.h">
      <Filter>JavaScriptCore\wtf</Filter>
    </ClInclude>
    <ClInclude Include="wtf\ParallelJobsGeneric.h">
      <Filter>JavaScriptCore\wtf</Filter>
    </ClInclude>
    <ClInclude Include="wtf\ParallelJobsLibdispatch.h">
      <Filter>JavaScriptCore\wtf</Filter>
    </ClInclude>
    <ClInclude Include="wtf\ParallelJobsOpenMP.h">
      <Filter>JavaScriptCore\wtf</Filter>
    </ClInclude>
    <ClInclude Include="wtf\PassOwnArrayPtr.h">
      <Filter>JavaScriptCore\wtf</Filter>
    </ClInclude>
    <ClInclude Include="wtf\PassOwnPtr.h">
      <Filter>JavaScriptCore\wtf</Filter>
    </ClInclude>
    <ClInclude Include="wtf\PassRefPtr.h">
      <Filter>JavaScriptCore\wtf</Filter>
    </ClInclude>
    <ClInclude Include="wtf\PassTraits.h">
      <Filter>JavaScriptCore\wtf</Filter>
    </ClInclude>
    <ClInclude Include="wtf\Platform.h">
      <Filter>JavaScriptCore\wtf</Filter>
    </ClInclude>
    <ClInclude Include="wtf\PossiblyNull.h">
      <Filter>JavaScriptCore\wtf</Filter>
    </ClInclude>
    <ClInclude Include="wtf\RandomNumber.h">
      <Filter>JavaScriptCore\wtf</Filter>
    </ClInclude>
    <ClInclude Include="wtf\RandomNumberSeed.h">
      <Filter>JavaScriptCore\wtf</Filter>
    </ClInclude>
    <ClInclude Include="wtf\RedBlackTree.h">
      <Filter>JavaScriptCore\wtf</Filter>
    </ClInclude>
    <ClInclude Include="wtf\RefCounted.h">
      <Filter>JavaScriptCore\wtf</Filter>
    </ClInclude>
    <ClInclude Include="wtf\RefCountedLeakCounter.h">
      <Filter>JavaScriptCore\wtf</Filter>
    </ClInclude>
    <ClInclude Include="wtf\RefPtr.h">
      <Filter>JavaScriptCore\wtf</Filter>
    </ClInclude>
    <ClInclude Include="wtf\RefPtrHashMap.h">
      <Filter>JavaScriptCore\wtf</Filter>
    </ClInclude>
    <ClInclude Include="wtf\RetainPtr.h">
      <Filter>JavaScriptCore\wtf</Filter>
    </ClInclude>
    <ClInclude Include="wtf\SegmentedVector.h">
      <Filter>JavaScriptCore\wtf</Filter>
    </ClInclude>
    <ClInclude Include="wtf\SentinelLinkedList.h">
      <Filter>JavaScriptCore\wtf</Filter>
    </ClInclude>
    <ClInclude Include="wtf\SHA1.h">
      <Filter>JavaScriptCore\wtf</Filter>
    </ClInclude>
    <ClInclude Include="wtf\SinglyLinkedList.h">
      <Filter>JavaScriptCore\wtf</Filter>
    </ClInclude>
    <ClInclude Include="wtf\StackBounds.h">
      <Filter>JavaScriptCore\wtf</Filter>
    </ClInclude>
    <ClInclude Include="wtf\StaticConstructors.h">
      <Filter>JavaScriptCore\wtf</Filter>
    </ClInclude>
    <ClInclude Include="wtf\StdLibExtras.h">
      <Filter>JavaScriptCore\wtf</Filter>
    </ClInclude>
    <ClInclude Include="wtf\StringExtras.h">
      <Filter>JavaScriptCore\wtf</Filter>
    </ClInclude>
    <ClInclude Include="wtf\StringHasher.h">
      <Filter>JavaScriptCore\wtf</Filter>
    </ClInclude>
    <ClInclude Include="wtf\TCPackedCache.h">
      <Filter>JavaScriptCore\wtf</Filter>
    </ClInclude>
    <ClInclude Include="wtf\TCPageMap.h">
      <Filter>JavaScriptCore\wtf</Filter>
    </ClInclude>
    <ClInclude Include="wtf\TCSpinLock.h">
      <Filter>JavaScriptCore\wtf</Filter>
    </ClInclude>
    <ClInclude Include="wtf\TCSystemAlloc.h">
      <Filter>JavaScriptCore\wtf</Filter>
    </ClInclude>
    <ClInclude Include="wtf\ThreadFunctionInvocation.h">
      <Filter>JavaScriptCore\wtf</Filter>
    </ClInclude>
    <ClInclude Include="wtf\ThreadIdentifierDataPthreads.h">
      <Filter>JavaScriptCore\wtf</Filter>
    </ClInclude>
    <ClInclude Include="wtf\Threading.h">
      <Filter>JavaScriptCore\wtf</Filter>
    </ClInclude>
    <ClInclude Include="wtf\ThreadingPrimitives.h">
      <Filter>JavaScriptCore\wtf</Filter>
    </ClInclude>
    <ClInclude Include="wtf\ThreadRestrictionVerifier.h">
      <Filter>JavaScriptCore\wtf</Filter>
    </ClInclude>
    <ClInclude Include="wtf\ThreadSafeRefCounted.h">
      <Filter>JavaScriptCore\wtf</Filter>
    </ClInclude>
    <ClInclude Include="wtf\ThreadSpecific.h">
      <Filter>JavaScriptCore\wtf</Filter>
    </ClInclude>
    <ClInclude Include="wtf\TypeTraits.h">
      <Filter>JavaScriptCore\wtf</Filter>
    </ClInclude>
    <ClInclude Include="wtf\UnusedParam.h">
      <Filter>JavaScriptCore\wtf</Filter>
    </ClInclude>
    <ClInclude Include="wtf\ValueCheck.h">
      <Filter>JavaScriptCore\wtf</Filter>
    </ClInclude>
    <ClInclude Include="wtf\Vector.h">
      <Filter>JavaScriptCore\wtf</Filter>
    </ClInclude>
    <ClInclude Include="wtf\VectorTraits.h">
      <Filter>JavaScriptCore\wtf</Filter>
    </ClInclude>
    <ClInclude Include="wtf\VMTags.h">
      <Filter>JavaScriptCore\wtf</Filter>
    </ClInclude>
    <ClInclude Include="wtf\WTFThreadData.h">
      <Filter>JavaScriptCore\wtf</Filter>
    </ClInclude>
    <ClInclude Include="wtf\dtoa\bignum.h">
      <Filter>JavaScriptCore\wtf\dtoa</Filter>
    </ClInclude>
    <ClInclude Include="wtf\dtoa\bignum-dtoa.h">
      <Filter>JavaScriptCore\wtf\dtoa</Filter>
    </ClInclude>
    <ClInclude Include="wtf\dtoa\cached-powers.h">
      <Filter>JavaScriptCore\wtf\dtoa</Filter>
    </ClInclude>
    <ClInclude Include="wtf\dtoa\diy-fp.h">
      <Filter>JavaScriptCore\wtf\dtoa</Filter>
    </ClInclude>
    <ClInclude Include="wtf\dtoa\double.h">
      <Filter>JavaScriptCore\wtf\dtoa</Filter>
    </ClInclude>
    <ClInclude Include="wtf\dtoa\double-conversion.h">
      <Filter>JavaScriptCore\wtf\dtoa</Filter>
    </ClInclude>
    <ClInclude Include="wtf\dtoa\fast-dtoa.h">
      <Filter>JavaScriptCore\wtf\dtoa</Filter>
    </ClInclude>
    <ClInclude Include="wtf\dtoa\fixed-dtoa.h">
      <Filter>JavaScriptCore\wtf\dtoa</Filter>
    </ClInclude>
    <ClInclude Include="wtf\dtoa\strtod.h">
      <Filter>JavaScriptCore\wtf\dtoa</Filter>
    </ClInclude>
    <ClInclude Include="wtf\dtoa\utils.h">
      <Filter>JavaScriptCore\wtf\dtoa</Filter>
    </ClInclude>
    <ClInclude Include="wtf\gobject\GOwnPtr.h">
      <Filter>JavaScriptCore\wtf\gobject</Filter>
    </ClInclude>
    <ClInclude Include="wtf\gobject\GRefPtr.h">
      <Filter>JavaScriptCore\wtf\gobject</Filter>
    </ClInclude>
    <ClInclude Include="wtf\gobject\GTypedefs.h">
      <Filter>JavaScriptCore\wtf\gobject</Filter>
    </ClInclude>
    <ClInclude Include="wtf\text\AtomicString.h">
      <Filter>JavaScriptCore\wtf\text</Filter>
    </ClInclude>
    <ClInclude Include="wtf\text\AtomicStringHash.h">
      <Filter>JavaScriptCore\wtf\text</Filter>
    </ClInclude>
    <ClInclude Include="wtf\text\AtomicStringImpl.h">
      <Filter>JavaScriptCore\wtf\text</Filter>
    </ClInclude>
    <ClInclude Include="wtf\text\CString.h">
      <Filter>JavaScriptCore\wtf\text</Filter>
    </ClInclude>
    <ClInclude Include="wtf\text\StringBuffer.h">
      <Filter>JavaScriptCore\wtf\text</Filter>
    </ClInclude>
    <ClInclude Include="wtf\text\StringBuilder.h">
      <Filter>JavaScriptCore\wtf\text</Filter>
    </ClInclude>
    <ClInclude Include="wtf\text\StringConcatenate.h">
      <Filter>JavaScriptCore\wtf\text</Filter>
    </ClInclude>
    <ClInclude Include="wtf\text\StringHash.h">
      <Filter>JavaScriptCore\wtf\text</Filter>
    </ClInclude>
    <ClInclude Include="wtf\text\StringImpl.h">
      <Filter>JavaScriptCore\wtf\text</Filter>
    </ClInclude>
    <ClInclude Include="wtf\text\StringImplBase.h">
      <Filter>JavaScriptCore\wtf\text</Filter>
    </ClInclude>
    <ClInclude Include="wtf\text\StringOperators.h">
      <Filter>JavaScriptCore\wtf\text</Filter>
    </ClInclude>
    <ClInclude Include="wtf\text\TextPosition.h">
      <Filter>JavaScriptCore\wtf\text</Filter>
    </ClInclude>
    <ClInclude Include="wtf\text\WTFString.h">
      <Filter>JavaScriptCore\wtf\text</Filter>
    </ClInclude>
    <ClInclude Include="wtf\threads\BinarySemaphore.h">
      <Filter>JavaScriptCore\wtf\threads</Filter>
    </ClInclude>
    <ClInclude Include="wtf\unicode\CharacterNames.h">
      <Filter>JavaScriptCore\wtf\unicode</Filter>
    </ClInclude>
    <ClInclude Include="wtf\unicode\Collator.h">
      <Filter>JavaScriptCore\wtf\unicode</Filter>
    </ClInclude>
    <ClInclude Include="wtf\unicode\ScriptCodesFromICU.h">
      <Filter>JavaScriptCore\wtf\unicode</Filter>
    </ClInclude>
    <ClInclude Include="wtf\unicode\Unicode.h">
      <Filter>JavaScriptCore\wtf\unicode</Filter>
    </ClInclude>
    <ClInclude Include="wtf\unicode\UnicodeMacrosFromICU.h">
      <Filter>JavaScriptCore\wtf\unicode</Filter>
    </ClInclude>
    <ClInclude Include="wtf\unicode\UTF8.h">
      <Filter>JavaScriptCore\wtf\unicode</Filter>
    </ClInclude>
    <ClInclude Include="wtf\unicode\ea\UnicodeEA.h">
      <Filter>JavaScriptCore\wtf\unicode\ea</Filter>
    </ClInclude>
    <ClInclude Include="wtf\unicode\glib\UnicodeGLib.h">
      <Filter>JavaScriptCore\wtf\unicode\glib</Filter>
    </ClInclude>
    <ClInclude Include="yarr\Yarr.h">
      <Filter>JavaScriptCore\yarr</Filter>
    </ClInclude>
    <ClInclude Include="yarr\YarrInterpreter.h">
      <Filter>JavaScriptCore\yarr</Filter>
    </ClInclude>
    <ClInclude Include="yarr\YarrJIT.h">
      <Filter>JavaScriptCore\yarr</Filter>
    </ClInclude>
    <ClInclude Include="yarr\YarrParser.h">
      <Filter>JavaScriptCore\yarr</Filter>
    </ClInclude>
    <ClInclude Include="yarr\YarrPattern.h">
      <Filter>JavaScriptCore\yarr</Filter>
    </ClInclude>
    <ClInclude Include="yarr\YarrSyntaxChecker.h">
      <Filter>JavaScriptCore\yarr</Filter>
    </ClInclude>
  </ItemGroup>
  <ItemGroup>
    <ClCompile Include="API\JSBase.cpp">
      <Filter>JavaScriptCore\API</Filter>
    </ClCompile>
    <ClCompile Include="API\JSCallbackConstructor.cpp">
      <Filter>JavaScriptCore\API</Filter>
    </ClCompile>
    <ClCompile Include="API\JSCallbackFunction.cpp">
      <Filter>JavaScriptCore\API</Filter>
    </ClCompile>
    <ClCompile Include="API\JSCallbackObject.cpp">
      <Filter>JavaScriptCore\API</Filter>
    </ClCompile>
    <ClCompile Include="API\JSClassRef.cpp">
      <Filter>JavaScriptCore\API</Filter>
    </ClCompile>
    <ClCompile Include="API\JSContextRef.cpp">
      <Filter>JavaScriptCore\API</Filter>
    </ClCompile>
    <ClCompile Include="API\JSObjectRef.cpp">
      <Filter>JavaScriptCore\API</Filter>
    </ClCompile>
    <ClCompile Include="API\JSSettingsEA.cpp">
      <Filter>JavaScriptCore\API</Filter>
    </ClCompile>
    <ClCompile Include="API\JSStringRef.cpp">
      <Filter>JavaScriptCore\API</Filter>
    </ClCompile>
    <ClCompile Include="API\JSTextInterface.cpp">
      <Filter>JavaScriptCore\API</Filter>
    </ClCompile>
    <ClCompile Include="API\JSValueRef.cpp">
      <Filter>JavaScriptCore\API</Filter>
    </ClCompile>
    <ClCompile Include="API\OpaqueJSString.cpp">
      <Filter>JavaScriptCore\API</Filter>
    </ClCompile>
    <ClCompile Include="assembler\ARMAssembler.cpp">
      <Filter>JavaScriptCore\assembler</Filter>
    </ClCompile>
    <ClCompile Include="assembler\ARMv7Assembler.cpp">
      <Filter>JavaScriptCore\assembler</Filter>
    </ClCompile>
    <ClCompile Include="assembler\MacroAssemblerARM.cpp">
      <Filter>JavaScriptCore\assembler</Filter>
    </ClCompile>
    <ClCompile Include="assembler\MacroAssemblerSH4.cpp">
      <Filter>JavaScriptCore\assembler</Filter>
    </ClCompile>
    <ClCompile Include="bytecode\CodeBlock.cpp">
      <Filter>JavaScriptCore\bytecode</Filter>
    </ClCompile>
    <ClCompile Include="bytecode\JumpTable.cpp">
      <Filter>JavaScriptCore\bytecode</Filter>
    </ClCompile>
    <ClCompile Include="bytecode\Opcode.cpp">
      <Filter>JavaScriptCore\bytecode</Filter>
    </ClCompile>
    <ClCompile Include="bytecode\PredictedType.cpp">
      <Filter>JavaScriptCore\bytecode</Filter>
    </ClCompile>
    <ClCompile Include="bytecode\SamplingTool.cpp">
      <Filter>JavaScriptCore\bytecode</Filter>
    </ClCompile>
    <ClCompile Include="bytecode\StructureStubInfo.cpp">
      <Filter>JavaScriptCore\bytecode</Filter>
    </ClCompile>
    <ClCompile Include="bytecode\ValueProfile.cpp">
      <Filter>JavaScriptCore\bytecode</Filter>
    </ClCompile>
    <ClCompile Include="bytecompiler\BytecodeGenerator.cpp">
      <Filter>JavaScriptCore\bytecompiler</Filter>
    </ClCompile>
    <ClCompile Include="bytecompiler\NodesCodegen.cpp">
      <Filter>JavaScriptCore\bytecompiler</Filter>
    </ClCompile>
    <ClCompile Include="debugger\Debugger.cpp">
      <Filter>JavaScriptCore\debugger</Filter>
    </ClCompile>
    <ClCompile Include="debugger\DebuggerActivation.cpp">
      <Filter>JavaScriptCore\debugger</Filter>
    </ClCompile>
    <ClCompile Include="debugger\DebuggerCallFrame.cpp">
      <Filter>JavaScriptCore\debugger</Filter>
    </ClCompile>
    <ClCompile Include="dfg\DFGByteCodeParser.cpp">
      <Filter>JavaScriptCore\dfg</Filter>
    </ClCompile>
    <ClCompile Include="dfg\DFGGraph.cpp">
      <Filter>JavaScriptCore\dfg</Filter>
    </ClCompile>
    <ClCompile Include="dfg\DFGJITCodeGenerator.cpp">
      <Filter>JavaScriptCore\dfg</Filter>
    </ClCompile>
    <ClCompile Include="dfg\DFGJITCompiler.cpp">
      <Filter>JavaScriptCore\dfg</Filter>
    </ClCompile>
    <ClCompile Include="dfg\DFGNonSpeculativeJIT.cpp">
      <Filter>JavaScriptCore\dfg</Filter>
    </ClCompile>
    <ClCompile Include="dfg\DFGOperations.cpp">
      <Filter>JavaScriptCore\dfg</Filter>
    </ClCompile>
    <ClCompile Include="dfg\DFGSpeculativeJIT.cpp">
      <Filter>JavaScriptCore\dfg</Filter>
    </ClCompile>
    <ClCompile Include="heap\ConservativeRoots.cpp">
      <Filter>JavaScriptCore\heap</Filter>
    </ClCompile>
    <ClCompile Include="heap\HandleHeap.cpp">
      <Filter>JavaScriptCore\heap</Filter>
    </ClCompile>
    <ClCompile Include="heap\HandleStack.cpp">
      <Filter>JavaScriptCore\heap</Filter>
    </ClCompile>
    <ClCompile Include="heap\Heap.cpp">
      <Filter>JavaScriptCore\heap</Filter>
    </ClCompile>
    <ClCompile Include="heap\MachineStackMarker.cpp">
      <Filter>JavaScriptCore\heap</Filter>
    </ClCompile>
    <ClCompile Include="heap\MarkedBlock.cpp">
      <Filter>JavaScriptCore\heap</Filter>
    </ClCompile>
    <ClCompile Include="heap\MarkStack.cpp">
      <Filter>JavaScriptCore\heap</Filter>
    </ClCompile>
    <ClCompile Include="heap\NewSpace.cpp">
      <Filter>JavaScriptCore\heap</Filter>
    </ClCompile>
    <ClCompile Include="heap\VTableSpectrum.cpp">
      <Filter>JavaScriptCore\heap</Filter>
    </ClCompile>
    <ClCompile Include="heap\WriteBarrierSupport.cpp">
      <Filter>JavaScriptCore\heap</Filter>
    </ClCompile>
    <ClCompile Include="interpreter\CallFrame.cpp">
      <Filter>JavaScriptCore\interpreter</Filter>
    </ClCompile>
    <ClCompile Include="interpreter\Interpreter.cpp">
      <Filter>JavaScriptCore\interpreter</Filter>
    </ClCompile>
    <ClCompile Include="interpreter\RegisterFile.cpp">
      <Filter>JavaScriptCore\interpreter</Filter>
    </ClCompile>
    <ClCompile Include="jit\ExecutableAllocator.cpp">
      <Filter>JavaScriptCore\jit</Filter>
    </ClCompile>
    <ClCompile Include="jit\ExecutableAllocatorFixedVMPool.cpp">
      <Filter>JavaScriptCore\jit</Filter>
    </ClCompile>
    <ClCompile Include="jit\JIT.cpp">
      <Filter>JavaScriptCore\jit</Filter>
    </ClCompile>
    <ClCompile Include="jit\JITArithmetic.cpp">
      <Filter>JavaScriptCore\jit</Filter>
    </ClCompile>
    <ClCompile Include="jit\JITArithmetic32_64.cpp">
      <Filter>JavaScriptCore\jit</Filter>
    </ClCompile>
    <ClCompile Include="jit\JITCall.cpp">
      <Filter>JavaScriptCore\jit</Filter>
    </ClCompile>
    <ClCompile Include="jit\JITCall32_64.cpp">
      <Filter>JavaScriptCore\jit</Filter>
    </ClCompile>
    <ClCompile Include="jit\JITOpcodes.cpp">
      <Filter>JavaScriptCore\jit</Filter>
    </ClCompile>
    <ClCompile Include="jit\JITOpcodes32_64.cpp">
      <Filter>JavaScriptCore\jit</Filter>
    </ClCompile>
    <ClCompile Include="jit\JITPropertyAccess.cpp">
      <Filter>JavaScriptCore\jit</Filter>
    </ClCompile>
    <ClCompile Include="jit\JITPropertyAccess32_64.cpp">
      <Filter>JavaScriptCore\jit</Filter>
    </ClCompile>
    <ClCompile Include="jit\JITStubs.cpp">
      <Filter>JavaScriptCore\jit</Filter>
    </ClCompile>
    <ClCompile Include="jit\ThunkGenerators.cpp">
      <Filter>JavaScriptCore\jit</Filter>
    </ClCompile>
    <ClCompile Include="parser\JSParser.cpp">
      <Filter>JavaScriptCore\parser</Filter>
    </ClCompile>
    <ClCompile Include="parser\Lexer.cpp">
      <Filter>JavaScriptCore\parser</Filter>
    </ClCompile>
    <ClCompile Include="parser\Nodes.cpp">
      <Filter>JavaScriptCore\parser</Filter>
    </ClCompile>
    <ClCompile Include="parser\Parser.cpp">
      <Filter>JavaScriptCore\parser</Filter>
    </ClCompile>
    <ClCompile Include="parser\ParserArena.cpp">
      <Filter>JavaScriptCore\parser</Filter>
    </ClCompile>
    <ClCompile Include="parser\SourceProviderCache.cpp">
      <Filter>JavaScriptCore\parser</Filter>
    </ClCompile>
    <ClCompile Include="profiler\Profile.cpp">
      <Filter>JavaScriptCore\profiler</Filter>
    </ClCompile>
    <ClCompile Include="profiler\ProfileGenerator.cpp">
      <Filter>JavaScriptCore\profiler</Filter>
    </ClCompile>
    <ClCompile Include="profiler\ProfileNode.cpp">
      <Filter>JavaScriptCore\profiler</Filter>
    </ClCompile>
    <ClCompile Include="profiler\Profiler.cpp">
      <Filter>JavaScriptCore\profiler</Filter>
    </ClCompile>
    <ClCompile Include="runtime\ArgList.cpp">
      <Filter>JavaScriptCore\runtime</Filter>
    </ClCompile>
    <ClCompile Include="runtime\Arguments.cpp">
      <Filter>JavaScriptCore\runtime</Filter>
    </ClCompile>
    <ClCompile Include="runtime\ArrayConstructor.cpp">
      <Filter>JavaScriptCore\runtime</Filter>
    </ClCompile>
    <ClCompile Include="runtime\ArrayPrototype.cpp">
      <Filter>JavaScriptCore\runtime</Filter>
    </ClCompile>
    <ClCompile Include="runtime\BooleanConstructor.cpp">
      <Filter>JavaScriptCore\runtime</Filter>
    </ClCompile>
    <ClCompile Include="runtime\BooleanObject.cpp">
      <Filter>JavaScriptCore\runtime</Filter>
    </ClCompile>
    <ClCompile Include="runtime\BooleanPrototype.cpp">
      <Filter>JavaScriptCore\runtime</Filter>
    </ClCompile>
    <ClCompile Include="runtime\CallData.cpp">
      <Filter>JavaScriptCore\runtime</Filter>
    </ClCompile>
    <ClCompile Include="runtime\CommonIdentifiers.cpp">
      <Filter>JavaScriptCore\runtime</Filter>
    </ClCompile>
    <ClCompile Include="runtime\Completion.cpp">
      <Filter>JavaScriptCore\runtime</Filter>
    </ClCompile>
    <ClCompile Include="runtime\ConstructData.cpp">
      <Filter>JavaScriptCore\runtime</Filter>
    </ClCompile>
    <ClCompile Include="runtime\DateConstructor.cpp">
      <Filter>JavaScriptCore\runtime</Filter>
    </ClCompile>
    <ClCompile Include="runtime\DateConversion.cpp">
      <Filter>JavaScriptCore\runtime</Filter>
    </ClCompile>
    <ClCompile Include="runtime\DateInstance.cpp">
      <Filter>JavaScriptCore\runtime</Filter>
    </ClCompile>
    <ClCompile Include="runtime\DatePrototype.cpp">
      <Filter>JavaScriptCore\runtime</Filter>
    </ClCompile>
    <ClCompile Include="runtime\Error.cpp">
      <Filter>JavaScriptCore\runtime</Filter>
    </ClCompile>
    <ClCompile Include="runtime\ErrorConstructor.cpp">
      <Filter>JavaScriptCore\runtime</Filter>
    </ClCompile>
    <ClCompile Include="runtime\ErrorInstance.cpp">
      <Filter>JavaScriptCore\runtime</Filter>
    </ClCompile>
    <ClCompile Include="runtime\ErrorPrototype.cpp">
      <Filter>JavaScriptCore\runtime</Filter>
    </ClCompile>
    <ClCompile Include="runtime\ExceptionHelpers.cpp">
      <Filter>JavaScriptCore\runtime</Filter>
    </ClCompile>
    <ClCompile Include="runtime\Executable.cpp">
      <Filter>JavaScriptCore\runtime</Filter>
    </ClCompile>
    <ClCompile Include="runtime\FunctionConstructor.cpp">
      <Filter>JavaScriptCore\runtime</Filter>
    </ClCompile>
    <ClCompile Include="runtime\FunctionPrototype.cpp">
      <Filter>JavaScriptCore\runtime</Filter>
    </ClCompile>
    <ClCompile Include="runtime\GCActivityCallback.cpp">
      <Filter>JavaScriptCore\runtime</Filter>
    </ClCompile>
    <ClCompile Include="runtime\GetterSetter.cpp">
      <Filter>JavaScriptCore\runtime</Filter>
    </ClCompile>
    <ClCompile Include="runtime\Identifier.cpp">
      <Filter>JavaScriptCore\runtime</Filter>
    </ClCompile>
    <ClCompile Include="runtime\InitializeThreading.cpp">
      <Filter>JavaScriptCore\runtime</Filter>
    </ClCompile>
    <ClCompile Include="runtime\InternalFunction.cpp">
      <Filter>JavaScriptCore\runtime</Filter>
    </ClCompile>
    <ClCompile Include="runtime\JSActivation.cpp">
      <Filter>JavaScriptCore\runtime</Filter>
    </ClCompile>
    <ClCompile Include="runtime\JSAPIValueWrapper.cpp">
      <Filter>JavaScriptCore\runtime</Filter>
    </ClCompile>
    <ClCompile Include="runtime\JSArray.cpp">
      <Filter>JavaScriptCore\runtime</Filter>
    </ClCompile>
    <ClCompile Include="runtime\JSByteArray.cpp">
      <Filter>JavaScriptCore\runtime</Filter>
    </ClCompile>
    <ClCompile Include="runtime\JSCell.cpp">
      <Filter>JavaScriptCore\runtime</Filter>
    </ClCompile>
    <ClCompile Include="runtime\JSFunction.cpp">
      <Filter>JavaScriptCore\runtime</Filter>
    </ClCompile>
    <ClCompile Include="runtime\JSGlobalData.cpp">
      <Filter>JavaScriptCore\runtime</Filter>
    </ClCompile>
    <ClCompile Include="runtime\JSGlobalObject.cpp">
      <Filter>JavaScriptCore\runtime</Filter>
    </ClCompile>
    <ClCompile Include="runtime\JSGlobalObjectFunctions.cpp">
      <Filter>JavaScriptCore\runtime</Filter>
    </ClCompile>
    <ClCompile Include="runtime\JSLock.cpp">
      <Filter>JavaScriptCore\runtime</Filter>
    </ClCompile>
    <ClCompile Include="runtime\JSNotAnObject.cpp">
      <Filter>JavaScriptCore\runtime</Filter>
    </ClCompile>
    <ClCompile Include="runtime\JSObject.cpp">
      <Filter>JavaScriptCore\runtime</Filter>
    </ClCompile>
    <ClCompile Include="runtime\JSONObject.cpp">
      <Filter>JavaScriptCore\runtime</Filter>
    </ClCompile>
    <ClCompile Include="runtime\JSPropertyNameIterator.cpp">
      <Filter>JavaScriptCore\runtime</Filter>
    </ClCompile>
    <ClCompile Include="runtime\JSStaticScopeObject.cpp">
      <Filter>JavaScriptCore\runtime</Filter>
    </ClCompile>
    <ClCompile Include="runtime\JSString.cpp">
      <Filter>JavaScriptCore\runtime</Filter>
    </ClCompile>
    <ClCompile Include="runtime\JSValue.cpp">
      <Filter>JavaScriptCore\runtime</Filter>
    </ClCompile>
    <ClCompile Include="runtime\JSVariableObject.cpp">
      <Filter>JavaScriptCore\runtime</Filter>
    </ClCompile>
    <ClCompile Include="runtime\JSWrapperObject.cpp">
      <Filter>JavaScriptCore\runtime</Filter>
    </ClCompile>
    <ClCompile Include="runtime\LiteralParser.cpp">
      <Filter>JavaScriptCore\runtime</Filter>
    </ClCompile>
    <ClCompile Include="runtime\Lookup.cpp">
      <Filter>JavaScriptCore\runtime</Filter>
    </ClCompile>
    <ClCompile Include="runtime\MathObject.cpp">
      <Filter>JavaScriptCore\runtime</Filter>
    </ClCompile>
    <ClCompile Include="runtime\NativeErrorConstructor.cpp">
      <Filter>JavaScriptCore\runtime</Filter>
    </ClCompile>
    <ClCompile Include="runtime\NativeErrorPrototype.cpp">
      <Filter>JavaScriptCore\runtime</Filter>
    </ClCompile>
    <ClCompile Include="runtime\NumberConstructor.cpp">
      <Filter>JavaScriptCore\runtime</Filter>
    </ClCompile>
    <ClCompile Include="runtime\NumberObject.cpp">
      <Filter>JavaScriptCore\runtime</Filter>
    </ClCompile>
    <ClCompile Include="runtime\NumberPrototype.cpp">
      <Filter>JavaScriptCore\runtime</Filter>
    </ClCompile>
    <ClCompile Include="runtime\ObjectConstructor.cpp">
      <Filter>JavaScriptCore\runtime</Filter>
    </ClCompile>
    <ClCompile Include="runtime\ObjectPrototype.cpp">
      <Filter>JavaScriptCore\runtime</Filter>
    </ClCompile>
    <ClCompile Include="runtime\Operations.cpp">
      <Filter>JavaScriptCore\runtime</Filter>
    </ClCompile>
    <ClCompile Include="runtime\PropertyDescriptor.cpp">
      <Filter>JavaScriptCore\runtime</Filter>
    </ClCompile>
    <ClCompile Include="runtime\PropertyNameArray.cpp">
      <Filter>JavaScriptCore\runtime</Filter>
    </ClCompile>
    <ClCompile Include="runtime\PropertySlot.cpp">
      <Filter>JavaScriptCore\runtime</Filter>
    </ClCompile>
    <ClCompile Include="runtime\RegExp.cpp">
      <Filter>JavaScriptCore\runtime</Filter>
    </ClCompile>
    <ClCompile Include="runtime\RegExpCache.cpp">
      <Filter>JavaScriptCore\runtime</Filter>
    </ClCompile>
    <ClCompile Include="runtime\RegExpConstructor.cpp">
      <Filter>JavaScriptCore\runtime</Filter>
    </ClCompile>
    <ClCompile Include="runtime\RegExpObject.cpp">
      <Filter>JavaScriptCore\runtime</Filter>
    </ClCompile>
    <ClCompile Include="runtime\RegExpPrototype.cpp">
      <Filter>JavaScriptCore\runtime</Filter>
    </ClCompile>
    <ClCompile Include="runtime\RopeImpl.cpp">
      <Filter>JavaScriptCore\runtime</Filter>
    </ClCompile>
    <ClCompile Include="runtime\SamplingCounter.cpp">
      <Filter>JavaScriptCore\runtime</Filter>
    </ClCompile>
    <ClCompile Include="runtime\ScopeChain.cpp">
      <Filter>JavaScriptCore\runtime</Filter>
    </ClCompile>
    <ClCompile Include="runtime\SmallStrings.cpp">
      <Filter>JavaScriptCore\runtime</Filter>
    </ClCompile>
    <ClCompile Include="runtime\StrictEvalActivation.cpp">
      <Filter>JavaScriptCore\runtime</Filter>
    </ClCompile>
    <ClCompile Include="runtime\StringConstructor.cpp">
      <Filter>JavaScriptCore\runtime</Filter>
    </ClCompile>
    <ClCompile Include="runtime\StringObject.cpp">
      <Filter>JavaScriptCore\runtime</Filter>
    </ClCompile>
    <ClCompile Include="runtime\StringPrototype.cpp">
      <Filter>JavaScriptCore\runtime</Filter>
    </ClCompile>
    <ClCompile Include="runtime\StringRecursionChecker.cpp">
      <Filter>JavaScriptCore\runtime</Filter>
    </ClCompile>
    <ClCompile Include="runtime\Structure.cpp">
      <Filter>JavaScriptCore\runtime</Filter>
    </ClCompile>
    <ClCompile Include="runtime\StructureChain.cpp">
      <Filter>JavaScriptCore\runtime</Filter>
    </ClCompile>
    <ClCompile Include="runtime\TimeoutChecker.cpp">
      <Filter>JavaScriptCore\runtime</Filter>
    </ClCompile>
    <ClCompile Include="runtime\UString.cpp">
      <Filter>JavaScriptCore\runtime</Filter>
    </ClCompile>
    <ClCompile Include="wtf\Assertions.cpp">
      <Filter>JavaScriptCore\wtf</Filter>
    </ClCompile>
    <ClCompile Include="wtf\ByteArray.cpp">
      <Filter>JavaScriptCore\wtf</Filter>
    </ClCompile>
    <ClCompile Include="wtf\CryptographicallyRandomNumber.cpp">
      <Filter>JavaScriptCore\wtf</Filter>
    </ClCompile>
    <ClCompile Include="wtf\CurrentTime.cpp">
      <Filter>JavaScriptCore\wtf</Filter>
    </ClCompile>
    <ClCompile Include="wtf\DateMath.cpp">
      <Filter>JavaScriptCore\wtf</Filter>
    </ClCompile>
    <ClCompile Include="wtf\DecimalNumber.cpp">
      <Filter>JavaScriptCore\wtf</Filter>
    </ClCompile>
    <ClCompile Include="wtf\dtoa.cpp">
      <Filter>JavaScriptCore\wtf</Filter>
    </ClCompile>
    <ClCompile Include="wtf\FastMalloc.cpp">
      <Filter>JavaScriptCore\wtf</Filter>
    </ClCompile>
    <ClCompile Include="wtf\HashTable.cpp">
      <Filter>JavaScriptCore\wtf</Filter>
    </ClCompile>
    <ClCompile Include="wtf\MainThread.cpp">
      <Filter>JavaScriptCore\wtf</Filter>
    </ClCompile>
    <ClCompile Include="wtf\MD5.cpp">
      <Filter>JavaScriptCore\wtf</Filter>
    </ClCompile>
    <ClCompile Include="wtf\MetaAllocator.cpp">
      <Filter>JavaScriptCore\wtf</Filter>
    </ClCompile>
    <ClCompile Include="wtf\NullPtr.cpp">
      <Filter>JavaScriptCore\wtf</Filter>
    </ClCompile>
    <ClCompile Include="wtf\OSRandomSource.cpp">
      <Filter>JavaScriptCore\wtf</Filter>
    </ClCompile>
    <ClCompile Include="wtf\PageAllocationAligned.cpp">
      <Filter>JavaScriptCore\wtf</Filter>
    </ClCompile>
    <ClCompile Include="wtf\PageBlock.cpp">
      <Filter>JavaScriptCore\wtf</Filter>
    </ClCompile>
    <ClCompile Include="wtf\ParallelJobsGeneric.cpp">
      <Filter>JavaScriptCore\wtf</Filter>
    </ClCompile>
    <ClCompile Include="wtf\RandomNumber.cpp">
      <Filter>JavaScriptCore\wtf</Filter>
    </ClCompile>
    <ClCompile Include="wtf\RefCountedLeakCounter.cpp">
      <Filter>JavaScriptCore\wtf</Filter>
    </ClCompile>
    <ClCompile Include="wtf\SHA1.cpp">
      <Filter>JavaScriptCore\wtf</Filter>
    </ClCompile>
    <ClCompile Include="wtf\StackBounds.cpp">
      <Filter>JavaScriptCore\wtf</Filter>
    </ClCompile>
    <ClCompile Include="wtf\TCSystemAlloc.cpp">
      <Filter>JavaScriptCore\wtf</Filter>
    </ClCompile>
    <ClCompile Include="wtf\Threading.cpp">
      <Filter>JavaScriptCore\wtf</Filter>
    </ClCompile>
    <ClCompile Include="wtf\TypeTraits.cpp">
      <Filter>JavaScriptCore\wtf</Filter>
    </ClCompile>
    <ClCompile Include="wtf\WTFThreadData.cpp">
      <Filter>JavaScriptCore\wtf</Filter>
    </ClCompile>
    <ClCompile Include="wtf\dtoa\bignum.cpp">
      <Filter>JavaScriptCore\wtf\dtoa</Filter>
    </ClCompile>
    <ClCompile Include="wtf\dtoa\bignum-dtoa.cpp">
      <Filter>JavaScriptCore\wtf\dtoa</Filter>
    </ClCompile>
    <ClCompile Include="wtf\dtoa\cached-powers.cpp">
      <Filter>JavaScriptCore\wtf\dtoa</Filter>
    </ClCompile>
    <ClCompile Include="wtf\dtoa\diy-fp.cpp">
      <Filter>JavaScriptCore\wtf\dtoa</Filter>
    </ClCompile>
    <ClCompile Include="wtf\dtoa\double-conversion.cpp">
      <Filter>JavaScriptCore\wtf\dtoa</Filter>
    </ClCompile>
    <ClCompile Include="wtf\dtoa\fast-dtoa.cpp">
      <Filter>JavaScriptCore\wtf\dtoa</Filter>
    </ClCompile>
    <ClCompile Include="wtf\dtoa\fixed-dtoa.cpp">
      <Filter>JavaScriptCore\wtf\dtoa</Filter>
    </ClCompile>
    <ClCompile Include="wtf\dtoa\strtod.cpp">
      <Filter>JavaScriptCore\wtf\dtoa</Filter>
    </ClCompile>
    <ClCompile Include="wtf\ea\MainThreadEA.cpp">
      <Filter>JavaScriptCore\wtf\ea</Filter>
    </ClCompile>
    <ClCompile Include="wtf\ea\OSAllocatorEA.cpp">
      <Filter>JavaScriptCore\wtf\ea</Filter>
    </ClCompile>
    <ClCompile Include="wtf\ea\ThreadingEA.cpp">
      <Filter>JavaScriptCore\wtf\ea</Filter>
    </ClCompile>
    <ClCompile Include="wtf\gobject\GOwnPtr.cpp">
      <Filter>JavaScriptCore\wtf\gobject</Filter>
    </ClCompile>
    <ClCompile Include="wtf\gobject\GRefPtr.cpp">
      <Filter>JavaScriptCore\wtf\gobject</Filter>
    </ClCompile>
    <ClCompile Include="wtf\text\AtomicString.cpp">
      <Filter>JavaScriptCore\wtf\text</Filter>
    </ClCompile>
    <ClCompile Include="wtf\text\CString.cpp">
      <Filter>JavaScriptCore\wtf\text</Filter>
    </ClCompile>
    <ClCompile Include="wtf\text\StringBuilder.cpp">
      <Filter>JavaScriptCore\wtf\text</Filter>
    </ClCompile>
    <ClCompile Include="wtf\text\StringImpl.cpp">
      <Filter>JavaScriptCore\wtf\text</Filter>
    </ClCompile>
    <ClCompile Include="wtf\text\StringStatics.cpp">
      <Filter>JavaScriptCore\wtf\text</Filter>
    </ClCompile>
    <ClCompile Include="wtf\text\WTFString.cpp">
      <Filter>JavaScriptCore\wtf\text</Filter>
    </ClCompile>
    <ClCompile Include="wtf\unicode\UTF8.cpp">
      <Filter>JavaScriptCore\wtf\unicode</Filter>
    </ClCompile>
    <ClCompile Include="wtf\unicode\ea\CollatorEA.cpp">
      <Filter>JavaScriptCore\wtf\unicode\ea</Filter>
    </ClCompile>
    <ClCompile Include="wtf\unicode\ea\UnicodeEA.cpp">
      <Filter>JavaScriptCore\wtf\unicode\ea</Filter>
    </ClCompile>
    <ClCompile Include="yarr\YarrInterpreter.cpp">
      <Filter>JavaScriptCore\yarr</Filter>
    </ClCompile>
    <ClCompile Include="yarr\YarrJIT.cpp">
      <Filter>JavaScriptCore\yarr</Filter>
    </ClCompile>
    <ClCompile Include="yarr\YarrPattern.cpp">
      <Filter>JavaScriptCore\yarr</Filter>
    </ClCompile>
    <ClCompile Include="yarr\YarrSyntaxChecker.cpp">
      <Filter>JavaScriptCore\yarr</Filter>
    </ClCompile>
  </ItemGroup>
</Project>